
Microsoft Visual Studio Solution File, Format Version 12.00
# Visual Studio Version 17
VisualStudioVersion = 17.6.33723.286
MinimumVisualStudioVersion = 10.0.40219.1
Project("{9A19103F-16F7-4668-BE54-9A1E7A4F7556}") = "HeroGame", "HeroGame.csproj", "{12EB0B72-F180-40B1-AF90-E6858D836CC6}"
EndProject
Global
	GlobalSection(SolutionConfigurationPlatforms) = preSolution
		Debug|Any CPU = Debug|Any CPU
		Release|Any CPU = Release|Any CPU
	EndGlobalSection
	GlobalSection(ProjectConfigurationPlatforms) = postSolution
		{12EB0B72-F180-40B1-AF90-E6858D836CC6}.Debug|Any CPU.ActiveCfg = Debug|Any CPU
		{12EB0B72-F180-40B1-AF90-E6858D836CC6}.Debug|Any CPU.Build.0 = Debug|Any CPU
		{12EB0B72-F180-40B1-AF90-E6858D836CC6}.Release|Any CPU.ActiveCfg = Release|Any CPU
		{12EB0B72-F180-40B1-AF90-E6858D836CC6}.Release|Any CPU.Build.0 = Release|Any CPU
	EndGlobalSection
	GlobalSection(SolutionProperties) = preSolution
		HideSolutionNode = FALSE
	EndGlobalSection
	GlobalSection(ExtensibilityGlobals) = postSolution
		SolutionGuid = {4F15C708-E7BF-4CFB-B9C1-86846445334D}
	EndGlobalSection
EndGlobal
